
Microsoft Visual Studio Solution File, Format Version 12.00
# Visual Studio Version 16
VisualStudioVersion = 16.0.29728.190
MinimumVisualStudioVersion = 10.0.40219.1
Project("{9A19103F-16F7-4668-BE54-9A1E7A4F7556}") = "FundaAssignment.Services", "FundaAssignment.Services\FundaAssignment.Services.csproj", "{F3CB8648-3A5B-4FC1-BEF1-AB8294502511}"
EndProject
Project("{9A19103F-16F7-4668-BE54-9A1E7A4F7556}") = "FundaAssignment.Repository", "FundaAssignment.Repository\FundaAssignment.Repository.csproj", "{51A183D2-F74B-498F-A480-2FD0C3767324}"
EndProject
Project("{9A19103F-16F7-4668-BE54-9A1E7A4F7556}") = "FundaAssignment.Entities", "FundaAssignment.Entities\FundaAssignment.Entities.csproj", "{DD8321BD-9F67-4709-A45F-4AE704FE004C}"
EndProject
Project("{FAE04EC0-301F-11D3-BF4B-00C04F79EFBC}") = "FundaAssignment.Web", "FundaAssignment.Web\FundaAssignment.Web.csproj", "{FBC29B1C-9524-4B28-AE26-A9922A97D2BA}"
EndProject
Global
	GlobalSection(SolutionConfigurationPlatforms) = preSolution
		Debug|Any CPU = Debug|Any CPU
		Release|Any CPU = Release|Any CPU
	EndGlobalSection
	GlobalSection(ProjectConfigurationPlatforms) = postSolution
		{F3CB8648-3A5B-4FC1-BEF1-AB8294502511}.Debug|Any CPU.ActiveCfg = Debug|Any CPU
		{F3CB8648-3A5B-4FC1-BEF1-AB8294502511}.Debug|Any CPU.Build.0 = Debug|Any CPU
		{F3CB8648-3A5B-4FC1-BEF1-AB8294502511}.Release|Any CPU.ActiveCfg = Release|Any CPU
		{F3CB8648-3A5B-4FC1-BEF1-AB8294502511}.Release|Any CPU.Build.0 = Release|Any CPU
		{51A183D2-F74B-498F-A480-2FD0C3767324}.Debug|Any CPU.ActiveCfg = Debug|Any CPU
		{51A183D2-F74B-498F-A480-2FD0C3767324}.Debug|Any CPU.Build.0 = Debug|Any CPU
		{51A183D2-F74B-498F-A480-2FD0C3767324}.Release|Any CPU.ActiveCfg = Release|Any CPU
		{51A183D2-F74B-498F-A480-2FD0C3767324}.Release|Any CPU.Build.0 = Release|Any CPU
		{DD8321BD-9F67-4709-A45F-4AE704FE004C}.Debug|Any CPU.ActiveCfg = Debug|Any CPU
		{DD8321BD-9F67-4709-A45F-4AE704FE004C}.Debug|Any CPU.Build.0 = Debug|Any CPU
		{DD8321BD-9F67-4709-A45F-4AE704FE004C}.Release|Any CPU.ActiveCfg = Release|Any CPU
		{DD8321BD-9F67-4709-A45F-4AE704FE004C}.Release|Any CPU.Build.0 = Release|Any CPU
		{FBC29B1C-9524-4B28-AE26-A9922A97D2BA}.Debug|Any CPU.ActiveCfg = Debug|Any CPU
		{FBC29B1C-9524-4B28-AE26-A9922A97D2BA}.Debug|Any CPU.Build.0 = Debug|Any CPU
		{FBC29B1C-9524-4B28-AE26-A9922A97D2BA}.Release|Any CPU.ActiveCfg = Release|Any CPU
		{FBC29B1C-9524-4B28-AE26-A9922A97D2BA}.Release|Any CPU.Build.0 = Release|Any CPU
	EndGlobalSection
	GlobalSection(SolutionProperties) = preSolution
		HideSolutionNode = FALSE
	EndGlobalSection
	GlobalSection(ExtensibilityGlobals) = postSolution
		SolutionGuid = {55BA9C2E-7186-42EF-AD68-FB12D0242461}
	EndGlobalSection
EndGlobal
